{
  "version": 4,
  "terraform_version": "1.0.7",
  "serial": 1,
  "lineage": "a47ce090-fbe6-9367-9f2d-1649adcb6de1",
  "outputs": {},
  "resources": [
    {
      "mode": "managed",
      "type": "local_file",
      "name": "artofwar",
      "provider": "provider[\"registry.terraform.io/hashicorp/local\"]",
      "instances": [
        {
          "schema_version": 0,
          "attributes": {
            "content": "Sun-Tzu said something\n",
            "content_base64": null,
            "directory_permission": "0777",
            "file_permission": "0777",
            "filename": "art_of_war.txt",
            "id": "a64fb95c2728f2112b0f78737caf3622ce1b3ee1",
            "sensitive_content": null,
            "source": null
          },
          "sensitive_attributes": [],
          "private": "bnVsbA=="
        }
      ]
    }
  ]
}
