{
  "version": 4,
  "terraform_version": "1.0.7",
  "serial": 6,
  "lineage": "ae8f64d8-4fd5-e78a-e17d-4a1df87c7091",
  "outputs": {
    "mad_libs": {
      "value": "",
      "type": "string"
    }
  },
  "resources": [
    {
      "mode": "managed",
      "type": "random_shuffle",
      "name": "random_adjectives",
      "provider": "provider[\"registry.terraform.io/hashicorp/random\"]",
      "instances": [
        {
          "schema_version": 0,
          "attributes": {
            "id": "-",
            "input": [
              "bitter",
              "sticky",
              "thundering",
              "abundant",
              "chubby",
              "grumpy"
            ],
            "keepers": null,
            "result": [
              "abundant",
              "sticky",
              "chubby",
              "thundering",
              "grumpy",
              "bitter"
            ],
            "result_count": null,
            "seed": null
          },
          "sensitive_attributes": [],
          "private": "bnVsbA=="
        }
      ]
    },
    {
      "mode": "managed",
      "type": "random_shuffle",
      "name": "random_adverbs",
      "provider": "provider[\"registry.terraform.io/hashicorp/random\"]",
      "instances": [
        {
          "schema_version": 0,
          "attributes": {
            "id": "-",
            "input": [
              "delicately",
              "beautifully",
              "quickly",
              "truthfully",
              "wearily"
            ],
            "keepers": null,
            "result": [
              "delicately",
              "quickly",
              "truthfully",
              "wearily",
              "beautifully"
            ],
            "result_count": null,
            "seed": null
          },
          "sensitive_attributes": [],
          "private": "bnVsbA=="
        }
      ]
    },
    {
      "mode": "managed",
      "type": "random_shuffle",
      "name": "random_nouns",
      "provider": "provider[\"registry.terraform.io/hashicorp/random\"]",
      "instances": [
        {
          "schema_version": 0,
          "attributes": {
            "id": "-",
            "input": [
              "army",
              "panther",
              "walnuts",
              "sandwich",
              "Zeus",
              "banana",
              "cat",
              "jellyfish",
              "jigsaw",
              "violin",
              "milk",
              "sun"
            ],
            "keepers": null,
            "result": [
              "milk",
              "banana",
              "jigsaw",
              "sun",
              "Zeus",
              "sandwich",
              "walnuts",
              "panther",
              "cat",
              "army",
              "jellyfish",
              "violin"
            ],
            "result_count": null,
            "seed": null
          },
          "sensitive_attributes": [],
          "private": "bnVsbA=="
        }
      ]
    },
    {
      "mode": "managed",
      "type": "random_shuffle",
      "name": "random_numbers",
      "provider": "provider[\"registry.terraform.io/hashicorp/random\"]",
      "instances": [
        {
          "schema_version": 0,
          "attributes": {
            "id": "-",
            "input": [
              "42",
              "27",
              "101",
              "73",
              "-5",
              "0"
            ],
            "keepers": null,
            "result": [
              "73",
              "42",
              "101",
              "-5",
              "27",
              "0"
            ],
            "result_count": null,
            "seed": null
          },
          "sensitive_attributes": [],
          "private": "bnVsbA=="
        }
      ]
    },
    {
      "mode": "managed",
      "type": "random_shuffle",
      "name": "random_verbs",
      "provider": "provider[\"registry.terraform.io/hashicorp/random\"]",
      "instances": [
        {
          "schema_version": 0,
          "attributes": {
            "id": "-",
            "input": [
              "run",
              "dance",
              "love",
              "respect",
              "kicked",
              "baked"
            ],
            "keepers": null,
            "result": [
              "dance",
              "baked",
              "run",
              "respect",
              "love",
              "kicked"
            ],
            "result_count": null,
            "seed": null
          },
          "sensitive_attributes": [],
          "private": "bnVsbA=="
        }
      ]
    }
  ]
}
